
Microsoft Visual Studio Solution File, Format Version 12.00
# Visual Studio Version 16
VisualStudioVersion = 16.0.29306.81
MinimumVisualStudioVersion = 10.0.40219.1
Project("{FAE04EC0-301F-11D3-BF4B-00C04F79EFBC}") = "Week9", "Week9\Week9.csproj", "{03EC8567-5C58-4510-912D-8122FABCF488}"
EndProject
Global
	GlobalSection(SolutionConfigurationPlatforms) = preSolution
		Debug|Any CPU = Debug|Any CPU
		Release|Any CPU = Release|Any CPU
	EndGlobalSection
	GlobalSection(ProjectConfigurationPlatforms) = postSolution
		{03EC8567-5C58-4510-912D-8122FABCF488}.Debug|Any CPU.ActiveCfg = Debug|Any CPU
		{03EC8567-5C58-4510-912D-8122FABCF488}.Debug|Any CPU.Build.0 = Debug|Any CPU
		{03EC8567-5C58-4510-912D-8122FABCF488}.Release|Any CPU.ActiveCfg = Release|Any CPU
		{03EC8567-5C58-4510-912D-8122FABCF488}.Release|Any CPU.Build.0 = Release|Any CPU
	EndGlobalSection
	GlobalSection(SolutionProperties) = preSolution
		HideSolutionNode = FALSE
	EndGlobalSection
	GlobalSection(ExtensibilityGlobals) = postSolution
		SolutionGuid = {A7CC11BA-6C17-4E02-80E3-E1508567D6B2}
	EndGlobalSection
EndGlobal
